{
  "name": "demo",
  "lockfileVersion": 2,
  "requires": true,
  "packages": {
    "": {
      "dependencies": {
        "@dcloudio/uni-ui": "^1.3.7",
        "vue": "^2.6.14"
      },
      "devDependencies": {
        "@dcloudio/types": "^2.3.3",
        "prettier": "^2.3.2"
      }
    },
    "node_modules/@dcloudio/types": {
      "version": "2.3.3",
      "resolved": "https://registry.npmjs.org/@dcloudio/types/-/types-2.3.3.tgz",
      "integrity": "sha512-YyZx9F6ssUSzwt6qQqaPt5K0aeen0uFAdcIG2LDvx2OnjFkvsOuxbe8L/D7mD4GIFLiFA980gJgR36+PeCCdAg==",
      "dev": true
    },
    "node_modules/@dcloudio/uni-ui": {
      "version": "1.3.7",
      "resolved": "https://registry.npmjs.org/@dcloudio/uni-ui/-/uni-ui-1.3.7.tgz",
      "integrity": "sha512-zTYhs4axPq+R52LarfJqfDv5cXkQ/+h76C+pIXZwe7eQYN1/mvv2YLCbxdQw1slo1j5qDe3c/cNbHUDGdZz0fA=="
    },
    "node_modules/prettier": {
      "version": "2.3.2",
      "resolved": "https://registry.npmjs.org/prettier/-/prettier-2.3.2.tgz",
      "integrity": "sha512-lnJzDfJ66zkMy58OL5/NY5zp70S7Nz6KqcKkXYzn2tMVrNxvbqaBpg7H3qHaLxCJ5lNMsGuM8+ohS7cZrthdLQ==",
      "dev": true,
      "bin": {
        "prettier": "bin-prettier.js"
      },
      "engines": {
        "node": ">=10.13.0"
      }
    },
    "node_modules/vue": {
      "version": "2.6.14",
      "resolved": "https://registry.npmjs.org/vue/-/vue-2.6.14.tgz",
      "integrity": "sha512-x2284lgYvjOMj3Za7kqzRcUSxBboHqtgRE2zlos1qWaOye5yUmHn42LB1250NJBLRwEcdrB0JRwyPTEPhfQjiQ=="
    }
  },
  "dependencies": {
    "@dcloudio/types": {
      "version": "2.3.3",
      "resolved": "https://registry.npmjs.org/@dcloudio/types/-/types-2.3.3.tgz",
      "integrity": "sha512-YyZx9F6ssUSzwt6qQqaPt5K0aeen0uFAdcIG2LDvx2OnjFkvsOuxbe8L/D7mD4GIFLiFA980gJgR36+PeCCdAg==",
      "dev": true
    },
    "@dcloudio/uni-ui": {
      "version": "1.3.7",
      "resolved": "https://registry.npmjs.org/@dcloudio/uni-ui/-/uni-ui-1.3.7.tgz",
      "integrity": "sha512-zTYhs4axPq+R52LarfJqfDv5cXkQ/+h76C+pIXZwe7eQYN1/mvv2YLCbxdQw1slo1j5qDe3c/cNbHUDGdZz0fA=="
    },
    "prettier": {
      "version": "2.3.2",
      "resolved": "https://registry.npmjs.org/prettier/-/prettier-2.3.2.tgz",
      "integrity": "sha512-lnJzDfJ66zkMy58OL5/NY5zp70S7Nz6KqcKkXYzn2tMVrNxvbqaBpg7H3qHaLxCJ5lNMsGuM8+ohS7cZrthdLQ==",
      "dev": true
    },
    "vue": {
      "version": "2.6.14",
      "resolved": "https://registry.npmjs.org/vue/-/vue-2.6.14.tgz",
      "integrity": "sha512-x2284lgYvjOMj3Za7kqzRcUSxBboHqtgRE2zlos1qWaOye5yUmHn42LB1250NJBLRwEcdrB0JRwyPTEPhfQjiQ=="
    }
  }
}
